
Microsoft Visual Studio Solution File, Format Version 12.00
# Visual Studio 15
VisualStudioVersion = 15.0.26124.0
MinimumVisualStudioVersion = 15.0.26124.0
Project("{9A19103F-16F7-4668-BE54-9A1E7A4F7556}") = "om.utils", "om.utils\om.utils.csproj", "{A5E83748-2034-4605-B7D5-1DBFD3D5826E}"
EndProject
Project("{9A19103F-16F7-4668-BE54-9A1E7A4F7556}") = "Test", "Test\Test.csproj", "{31880FEE-6099-41D8-B4E1-511F48853EF3}"
EndProject
Global
	GlobalSection(SolutionConfigurationPlatforms) = preSolution
		Debug|Any CPU = Debug|Any CPU
		Release|Any CPU = Release|Any CPU
	EndGlobalSection
	GlobalSection(ProjectConfigurationPlatforms) = postSolution
		{A5E83748-2034-4605-B7D5-1DBFD3D5826E}.Debug|Any CPU.ActiveCfg = Debug|Any CPU
		{A5E83748-2034-4605-B7D5-1DBFD3D5826E}.Debug|Any CPU.Build.0 = Debug|Any CPU
		{A5E83748-2034-4605-B7D5-1DBFD3D5826E}.Release|Any CPU.ActiveCfg = Release|Any CPU
		{A5E83748-2034-4605-B7D5-1DBFD3D5826E}.Release|Any CPU.Build.0 = Release|Any CPU
		{31880FEE-6099-41D8-B4E1-511F48853EF3}.Debug|Any CPU.ActiveCfg = Debug|Any CPU
		{31880FEE-6099-41D8-B4E1-511F48853EF3}.Debug|Any CPU.Build.0 = Debug|Any CPU
		{31880FEE-6099-41D8-B4E1-511F48853EF3}.Release|Any CPU.ActiveCfg = Release|Any CPU
		{31880FEE-6099-41D8-B4E1-511F48853EF3}.Release|Any CPU.Build.0 = Release|Any CPU
	EndGlobalSection
	GlobalSection(SolutionProperties) = preSolution
		HideSolutionNode = FALSE
	EndGlobalSection
	GlobalSection(ExtensibilityGlobals) = postSolution
		SolutionGuid = {2421B9E4-2175-47BF-AC16-B80AFAE32569}
	EndGlobalSection
EndGlobal
