
Microsoft Visual Studio Solution File, Format Version 12.00
# Visual Studio 15
VisualStudioVersion = 15.0.28307.168
MinimumVisualStudioVersion = 10.0.40219.1
Project("{9A19103F-16F7-4668-BE54-9A1E7A4F7556}") = "om.utils", "om.utils.csproj", "{CDCC7361-AC37-44D6-AC72-C2AEC8851F02}"
EndProject
Global
	GlobalSection(SolutionConfigurationPlatforms) = preSolution
		Debug|Any CPU = Debug|Any CPU
		Release|Any CPU = Release|Any CPU
	EndGlobalSection
	GlobalSection(ProjectConfigurationPlatforms) = postSolution
		{CDCC7361-AC37-44D6-AC72-C2AEC8851F02}.Debug|Any CPU.ActiveCfg = Debug|Any CPU
		{CDCC7361-AC37-44D6-AC72-C2AEC8851F02}.Debug|Any CPU.Build.0 = Debug|Any CPU
		{CDCC7361-AC37-44D6-AC72-C2AEC8851F02}.Release|Any CPU.ActiveCfg = Release|Any CPU
		{CDCC7361-AC37-44D6-AC72-C2AEC8851F02}.Release|Any CPU.Build.0 = Release|Any CPU
	EndGlobalSection
	GlobalSection(SolutionProperties) = preSolution
		HideSolutionNode = FALSE
	EndGlobalSection
	GlobalSection(ExtensibilityGlobals) = postSolution
		SolutionGuid = {70631892-6F58-4BBC-827B-09EBE30EE700}
	EndGlobalSection
EndGlobal
